
Microsoft Visual Studio Solution File, Format Version 11.00
# Visual Studio 2010
Project("{FAE04EC0-301F-11D3-BF4B-00C04F79EFBC}") = "HitThatLine.Core", "HitThatLine.Core\HitThatLine.Core.csproj", "{C7F416ED-804D-4BC5-8DD6-2012F6A26A0E}"
EndProject
Project("{FAE04EC0-301F-11D3-BF4B-00C04F79EFBC}") = "HitThatLine.Web", "HitThatLine.Web\HitThatLine.Web.csproj", "{44B78983-671B-4892-9BAB-55CB5F3BAA31}"
EndProject
Global
	GlobalSection(SolutionConfigurationPlatforms) = preSolution
		Debug|Any CPU = Debug|Any CPU
		Release|Any CPU = Release|Any CPU
	EndGlobalSection
	GlobalSection(ProjectConfigurationPlatforms) = postSolution
		{C7F416ED-804D-4BC5-8DD6-2012F6A26A0E}.Debug|Any CPU.ActiveCfg = Debug|Any CPU
		{C7F416ED-804D-4BC5-8DD6-2012F6A26A0E}.Debug|Any CPU.Build.0 = Debug|Any CPU
		{C7F416ED-804D-4BC5-8DD6-2012F6A26A0E}.Release|Any CPU.ActiveCfg = Release|Any CPU
		{C7F416ED-804D-4BC5-8DD6-2012F6A26A0E}.Release|Any CPU.Build.0 = Release|Any CPU
		{44B78983-671B-4892-9BAB-55CB5F3BAA31}.Debug|Any CPU.ActiveCfg = Debug|Any CPU
		{44B78983-671B-4892-9BAB-55CB5F3BAA31}.Debug|Any CPU.Build.0 = Debug|Any CPU
		{44B78983-671B-4892-9BAB-55CB5F3BAA31}.Release|Any CPU.ActiveCfg = Release|Any CPU
		{44B78983-671B-4892-9BAB-55CB5F3BAA31}.Release|Any CPU.Build.0 = Release|Any CPU
	EndGlobalSection
	GlobalSection(SolutionProperties) = preSolution
		HideSolutionNode = FALSE
	EndGlobalSection
EndGlobal
