Microsoft Visual Studio Solution File, Format Version 11.00
# Visual Studio 2010
Project("{FAE04EC0-301F-11D3-BF4B-00C04F79EFBC}") = "HitThatLine", "HitThatLine\HitThatLine.csproj", "{1F298714-C40F-4199-B518-19705B52B338}"
EndProject
Project("{FAE04EC0-301F-11D3-BF4B-00C04F79EFBC}") = "HitThatLine.Core", "HitThatLine.Core\HitThatLine.Core.csproj", "{1C489335-8FB6-4BDA-9E4C-559072202DBF}"
EndProject
Global
	GlobalSection(SolutionConfigurationPlatforms) = preSolution
		Debug|Any CPU = Debug|Any CPU
		Release|Any CPU = Release|Any CPU
	EndGlobalSection
	GlobalSection(ProjectConfigurationPlatforms) = postSolution
		{1F298714-C40F-4199-B518-19705B52B338}.Debug|Any CPU.ActiveCfg = Debug|Any CPU
		{1F298714-C40F-4199-B518-19705B52B338}.Debug|Any CPU.Build.0 = Debug|Any CPU
		{1F298714-C40F-4199-B518-19705B52B338}.Release|Any CPU.ActiveCfg = Release|Any CPU
		{1F298714-C40F-4199-B518-19705B52B338}.Release|Any CPU.Build.0 = Release|Any CPU
		{1C489335-8FB6-4BDA-9E4C-559072202DBF}.Debug|Any CPU.ActiveCfg = Debug|Any CPU
		{1C489335-8FB6-4BDA-9E4C-559072202DBF}.Debug|Any CPU.Build.0 = Debug|Any CPU
		{1C489335-8FB6-4BDA-9E4C-559072202DBF}.Release|Any CPU.ActiveCfg = Release|Any CPU
		{1C489335-8FB6-4BDA-9E4C-559072202DBF}.Release|Any CPU.Build.0 = Release|Any CPU
	EndGlobalSection
	GlobalSection(SolutionProperties) = preSolution
		HideSolutionNode = FALSE
	EndGlobalSection
EndGlobal
